
Microsoft Visual Studio Solution File, Format Version 12.00
# Visual Studio Version 17
VisualStudioVersion = 17.9.34723.18
MinimumVisualStudioVersion = 10.0.40219.1
Project("{FAE04EC0-301F-11D3-BF4B-00C04F79EFBC}") = "RecipeApplicationAPI", "RecipeApplicationAPI\RecipeApplicationAPI.csproj", "{ED466A5D-0D6E-49B8-9876-C8626C4EFF65}"
EndProject
Global
	GlobalSection(SolutionConfigurationPlatforms) = preSolution
		Debug|Any CPU = Debug|Any CPU
		Release|Any CPU = Release|Any CPU
	EndGlobalSection
	GlobalSection(ProjectConfigurationPlatforms) = postSolution
		{ED466A5D-0D6E-49B8-9876-C8626C4EFF65}.Debug|Any CPU.ActiveCfg = Debug|Any CPU
		{ED466A5D-0D6E-49B8-9876-C8626C4EFF65}.Debug|Any CPU.Build.0 = Debug|Any CPU
		{ED466A5D-0D6E-49B8-9876-C8626C4EFF65}.Release|Any CPU.ActiveCfg = Release|Any CPU
		{ED466A5D-0D6E-49B8-9876-C8626C4EFF65}.Release|Any CPU.Build.0 = Release|Any CPU
	EndGlobalSection
	GlobalSection(SolutionProperties) = preSolution
		HideSolutionNode = FALSE
	EndGlobalSection
	GlobalSection(ExtensibilityGlobals) = postSolution
		SolutionGuid = {2682774E-DAF3-4E80-9285-948F0F24127C}
	EndGlobalSection
EndGlobal
